
Microsoft Visual Studio Solution File, Format Version 12.00
# Visual Studio Version 16
VisualStudioVersion = 16.0.29613.14
MinimumVisualStudioVersion = 10.0.40219.1
Project("{FAE04EC0-301F-11D3-BF4B-00C04F79EFBC}") = "SmithChartTool", "SmithChartTool\SmithChartTool.csproj", "{554CC927-10B5-4006-8A2B-B5C3045B5BFD}"
EndProject
Global
	GlobalSection(SolutionConfigurationPlatforms) = preSolution
		Debug|Any CPU = Debug|Any CPU
		Release|Any CPU = Release|Any CPU
	EndGlobalSection
	GlobalSection(ProjectConfigurationPlatforms) = postSolution
		{554CC927-10B5-4006-8A2B-B5C3045B5BFD}.Debug|Any CPU.ActiveCfg = Debug|Any CPU
		{554CC927-10B5-4006-8A2B-B5C3045B5BFD}.Debug|Any CPU.Build.0 = Debug|Any CPU
		{554CC927-10B5-4006-8A2B-B5C3045B5BFD}.Release|Any CPU.ActiveCfg = Release|Any CPU
		{554CC927-10B5-4006-8A2B-B5C3045B5BFD}.Release|Any CPU.Build.0 = Release|Any CPU
	EndGlobalSection
	GlobalSection(SolutionProperties) = preSolution
		HideSolutionNode = FALSE
	EndGlobalSection
	GlobalSection(ExtensibilityGlobals) = postSolution
		SolutionGuid = {68BB1FC1-F741-45E4-B761-BF27C15A7439}
	EndGlobalSection
EndGlobal
